
Microsoft Visual Studio Solution File, Format Version 12.00
# Visual Studio Version 17
VisualStudioVersion = 17.1.32210.238
MinimumVisualStudioVersion = 10.0.40219.1
Project("{FAE04EC0-301F-11D3-BF4B-00C04F79EFBC}") = "TicTacToe", "TicTacToe\TicTacToe.csproj", "{1EAEAE17-C8B7-41BD-B2B6-A7F4F626D818}"
EndProject
Project("{FAE04EC0-301F-11D3-BF4B-00C04F79EFBC}") = "TicTacSpecFlow", "TicTacSpecFlow\TicTacSpecFlow.csproj", "{8E803314-4935-41EE-8764-3644C5842B2B}"
EndProject
Global
	GlobalSection(SolutionConfigurationPlatforms) = preSolution
		Debug|Any CPU = Debug|Any CPU
		Release|Any CPU = Release|Any CPU
	EndGlobalSection
	GlobalSection(ProjectConfigurationPlatforms) = postSolution
		{1EAEAE17-C8B7-41BD-B2B6-A7F4F626D818}.Debug|Any CPU.ActiveCfg = Debug|Any CPU
		{1EAEAE17-C8B7-41BD-B2B6-A7F4F626D818}.Debug|Any CPU.Build.0 = Debug|Any CPU
		{1EAEAE17-C8B7-41BD-B2B6-A7F4F626D818}.Release|Any CPU.ActiveCfg = Release|Any CPU
		{1EAEAE17-C8B7-41BD-B2B6-A7F4F626D818}.Release|Any CPU.Build.0 = Release|Any CPU
		{8E803314-4935-41EE-8764-3644C5842B2B}.Debug|Any CPU.ActiveCfg = Debug|Any CPU
		{8E803314-4935-41EE-8764-3644C5842B2B}.Debug|Any CPU.Build.0 = Debug|Any CPU
		{8E803314-4935-41EE-8764-3644C5842B2B}.Release|Any CPU.ActiveCfg = Release|Any CPU
		{8E803314-4935-41EE-8764-3644C5842B2B}.Release|Any CPU.Build.0 = Release|Any CPU
	EndGlobalSection
	GlobalSection(SolutionProperties) = preSolution
		HideSolutionNode = FALSE
	EndGlobalSection
	GlobalSection(ExtensibilityGlobals) = postSolution
		SolutionGuid = {C8EA4007-1212-4FF7-87E1-5B877FC9112A}
	EndGlobalSection
EndGlobal
